
Microsoft Visual Studio Solution File, Format Version 12.00
# Visual Studio Version 17
VisualStudioVersion = 17.8.34330.188
MinimumVisualStudioVersion = 10.0.40219.1
Project("{FAE04EC0-301F-11D3-BF4B-00C04F79EFBC}") = "JackChavers_HW3_Task4", "JackChavers_HW3_Task4\JackChavers_HW3_Task4.csproj", "{A0F7D43C-9B97-4615-A4C8-07B322D77EFF}"
EndProject
Global
	GlobalSection(SolutionConfigurationPlatforms) = preSolution
		Debug|Any CPU = Debug|Any CPU
		Release|Any CPU = Release|Any CPU
	EndGlobalSection
	GlobalSection(ProjectConfigurationPlatforms) = postSolution
		{A0F7D43C-9B97-4615-A4C8-07B322D77EFF}.Debug|Any CPU.ActiveCfg = Debug|Any CPU
		{A0F7D43C-9B97-4615-A4C8-07B322D77EFF}.Debug|Any CPU.Build.0 = Debug|Any CPU
		{A0F7D43C-9B97-4615-A4C8-07B322D77EFF}.Release|Any CPU.ActiveCfg = Release|Any CPU
		{A0F7D43C-9B97-4615-A4C8-07B322D77EFF}.Release|Any CPU.Build.0 = Release|Any CPU
	EndGlobalSection
	GlobalSection(SolutionProperties) = preSolution
		HideSolutionNode = FALSE
	EndGlobalSection
	GlobalSection(ExtensibilityGlobals) = postSolution
		SolutionGuid = {44EF1A64-3634-4624-8281-DD037EDAC7C3}
	EndGlobalSection
EndGlobal
